
Microsoft Visual Studio Solution File, Format Version 12.00
# Visual Studio Version 16
VisualStudioVersion = 16.0.30717.126
MinimumVisualStudioVersion = 10.0.40219.1
Project("{FAE04EC0-301F-11D3-BF4B-00C04F79EFBC}") = "NEA", "NEA\NEA.csproj", "{A1EC496B-70EA-434A-9555-26544BFD9577}"
EndProject
Global
	GlobalSection(SolutionConfigurationPlatforms) = preSolution
		Debug|Any CPU = Debug|Any CPU
		Release|Any CPU = Release|Any CPU
	EndGlobalSection
	GlobalSection(ProjectConfigurationPlatforms) = postSolution
		{A1EC496B-70EA-434A-9555-26544BFD9577}.Debug|Any CPU.ActiveCfg = Debug|Any CPU
		{A1EC496B-70EA-434A-9555-26544BFD9577}.Debug|Any CPU.Build.0 = Debug|Any CPU
		{A1EC496B-70EA-434A-9555-26544BFD9577}.Release|Any CPU.ActiveCfg = Release|Any CPU
		{A1EC496B-70EA-434A-9555-26544BFD9577}.Release|Any CPU.Build.0 = Release|Any CPU
	EndGlobalSection
	GlobalSection(SolutionProperties) = preSolution
		HideSolutionNode = FALSE
	EndGlobalSection
	GlobalSection(ExtensibilityGlobals) = postSolution
		SolutionGuid = {6EFB4F15-A482-4630-83A7-03A301EC0ECD}
	EndGlobalSection
EndGlobal
